<?xml version="1.0" encoding="utf-8"?>
<Project ToolsVersion="4.0" xmlns="http://schemas.microsoft.com/developer/msbuild/2003">
  <ItemGroup>
    <Filter Include="Source Files">
      <UniqueIdentifier>{4FC737F1-C7A5-4376-A066-2A32D752A2FF}</UniqueIdentifier>
      <Extensions>cpp;c;cc;cxx;def;odl;idl;hpj;bat;asm;asmx</Extensions>
    </Filter>
    <Filter Include="Header Files">
      <UniqueIdentifier>{93995380-89BD-4b04-88EB-625FBE52EBFB}</UniqueIdentifier>
      <Extensions>h;hh;hpp;hxx;hm;inl;inc;xsd</Extensions>
    </Filter>
    <Filter Include="Resource Files">
      <UniqueIdentifier>{67DA6AB6-F800-4c08-8B7A-83BB121AAD01}</UniqueIdentifier>
      <Extensions>rc;ico;cur;bmp;dlg;rc2;rct;bin;rgs;gif;jpg;jpeg;jpe;resx;tiff;tif;png;wav;mfcribbon-ms</Extensions>
    </Filter>
  </ItemGroup>
  <ItemGroup>
    <Text Include="ReadMe.txt" />
  </ItemGroup>
  <ItemGroup>
    <ClInclude Include="stdafx.h">
      <Filter>Header Files</Filter>
    </ClInclude>
    <ClInclude Include="targetver.h">
      <Filter>Header Files</Filter>
    </ClInclude>
    <ClInclude Include="CellArray.h">
      <Filter>Header Files</Filter>
    </ClInclude>
    <ClInclude Include="chnsCompute.h">
      <Filter>Header Files</Filter>
    </ClInclude>
    <ClInclude Include="chnsPyramid.h">
      <Filter>Header Files</Filter>
    </ClInclude>
    <ClInclude Include="convConstMex.h">
      <Filter>Header Files</Filter>
    </ClInclude>
    <ClInclude Include="convUtil.h">
      <Filter>Header Files</Filter>
    </ClInclude>
    <ClInclude Include="EdgeBoxes.h">
      <Filter>Header Files</Filter>
    </ClInclude>
    <ClInclude Include="EdgeDetector.h">
      <Filter>Header Files</Filter>
    </ClInclude>
    <ClInclude Include="global.h">
      <Filter>Header Files</Filter>
    </ClInclude>
    <ClInclude Include="gradientMex.h">
      <Filter>Header Files</Filter>
    </ClInclude>
    <ClInclude Include="gradientUtil.h">
      <Filter>Header Files</Filter>
    </ClInclude>
    <ClInclude Include="imPad.h">
      <Filter>Header Files</Filter>
    </ClInclude>
    <ClInclude Include="imPadMex.h">
      <Filter>Header Files</Filter>
    </ClInclude>
    <ClInclude Include="imResample.h">
      <Filter>Header Files</Filter>
    </ClInclude>
    <ClInclude Include="imResampleMex.h">
      <Filter>Header Files</Filter>
    </ClInclude>
    <ClInclude Include="rgbConvert.h">
      <Filter>Header Files</Filter>
    </ClInclude>
    <ClInclude Include="rgbConvertMex.h">
      <Filter>Header Files</Filter>
    </ClInclude>
    <ClInclude Include="sse.h">
      <Filter>Header Files</Filter>
    </ClInclude>
    <ClInclude Include="wrappers.h">
      <Filter>Header Files</Filter>
    </ClInclude>
    <ClInclude Include="ACFDetector.h">
      <Filter>Header Files</Filter>
    </ClInclude>
    <ClInclude Include="bbNms.h">
      <Filter>Header Files</Filter>
    </ClInclude>
    <ClInclude Include="box.h">
      <Filter>Header Files</Filter>
    </ClInclude>
  </ItemGroup>
  <ItemGroup>
    <ClCompile Include="ACFTest.cpp">
      <Filter>Source Files</Filter>
    </ClCompile>
    <ClCompile Include="bbNms.cpp">
      <Filter>Source Files</Filter>
    </ClCompile>
    <ClCompile Include="box.cpp">
      <Filter>Source Files</Filter>
    </ClCompile>
    <ClCompile Include="CellArray.cpp">
      <Filter>Source Files</Filter>
    </ClCompile>
    <ClCompile Include="chnsCompute.cpp">
      <Filter>Source Files</Filter>
    </ClCompile>
    <ClCompile Include="chnsPyramid.cpp">
      <Filter>Source Files</Filter>
    </ClCompile>
    <ClCompile Include="convUtil.cpp">
      <Filter>Source Files</Filter>
    </ClCompile>
    <ClCompile Include="EdgeBoxes.cpp">
      <Filter>Source Files</Filter>
    </ClCompile>
    <ClCompile Include="EdgeDetector.cpp">
      <Filter>Source Files</Filter>
    </ClCompile>
    <ClCompile Include="gradientUtil.cpp">
      <Filter>Source Files</Filter>
    </ClCompile>
    <ClCompile Include="imPad.cpp">
      <Filter>Source Files</Filter>
    </ClCompile>
    <ClCompile Include="imResample.cpp">
      <Filter>Source Files</Filter>
    </ClCompile>
    <ClCompile Include="rgbConvert.cpp">
      <Filter>Source Files</Filter>
    </ClCompile>
    <ClCompile Include="stdafx.cpp">
      <Filter>Source Files</Filter>
    </ClCompile>
    <ClCompile Include="wrappers.cpp">
      <Filter>Source Files</Filter>
    </ClCompile>
    <ClCompile Include="ACFDetector.cpp">
      <Filter>Source Files</Filter>
    </ClCompile>
  </ItemGroup>
</Project>